
Microsoft Visual Studio Solution File, Format Version 12.00
# Visual Studio Version 17
VisualStudioVersion = 17.9.34728.123
MinimumVisualStudioVersion = 10.0.40219.1
Project("{FAE04EC0-301F-11D3-BF4B-00C04F79EFBC}") = "AplicacionBydrip.Android", "AplicacionBydrip\AplicacionBydrip.Android\AplicacionBydrip.Android.csproj", "{6DC1B510-F7FA-44B0-995F-E2D9F724B91F}"
EndProject
Project("{FAE04EC0-301F-11D3-BF4B-00C04F79EFBC}") = "AplicacionBydrip.iOS", "AplicacionBydrip\AplicacionBydrip.iOS\AplicacionBydrip.iOS.csproj", "{0994CE95-B592-440B-B89D-812996BC5F2E}"
EndProject
Project("{FAE04EC0-301F-11D3-BF4B-00C04F79EFBC}") = "AplicacionBydrip", "AplicacionBydrip\AplicacionBydrip\AplicacionBydrip.csproj", "{E6BE8C27-23DE-47D8-89B6-3CA699CCDC9A}"
EndProject
Global
	GlobalSection(SolutionConfigurationPlatforms) = preSolution
		Debug|Any CPU = Debug|Any CPU
		Debug|iPhone = Debug|iPhone
		Debug|iPhoneSimulator = Debug|iPhoneSimulator
		Release|Any CPU = Release|Any CPU
		Release|iPhone = Release|iPhone
		Release|iPhoneSimulator = Release|iPhoneSimulator
	EndGlobalSection
	GlobalSection(ProjectConfigurationPlatforms) = postSolution
		{6DC1B510-F7FA-44B0-995F-E2D9F724B91F}.Debug|Any CPU.ActiveCfg = Debug|Any CPU
		{6DC1B510-F7FA-44B0-995F-E2D9F724B91F}.Debug|Any CPU.Build.0 = Debug|Any CPU
		{6DC1B510-F7FA-44B0-995F-E2D9F724B91F}.Debug|Any CPU.Deploy.0 = Debug|Any CPU
		{6DC1B510-F7FA-44B0-995F-E2D9F724B91F}.Debug|iPhone.ActiveCfg = Debug|Any CPU
		{6DC1B510-F7FA-44B0-995F-E2D9F724B91F}.Debug|iPhone.Build.0 = Debug|Any CPU
		{6DC1B510-F7FA-44B0-995F-E2D9F724B91F}.Debug|iPhone.Deploy.0 = Debug|Any CPU
		{6DC1B510-F7FA-44B0-995F-E2D9F724B91F}.Debug|iPhoneSimulator.ActiveCfg = Debug|Any CPU
		{6DC1B510-F7FA-44B0-995F-E2D9F724B91F}.Debug|iPhoneSimulator.Build.0 = Debug|Any CPU
		{6DC1B510-F7FA-44B0-995F-E2D9F724B91F}.Debug|iPhoneSimulator.Deploy.0 = Debug|Any CPU
		{6DC1B510-F7FA-44B0-995F-E2D9F724B91F}.Release|Any CPU.ActiveCfg = Release|Any CPU
		{6DC1B510-F7FA-44B0-995F-E2D9F724B91F}.Release|Any CPU.Build.0 = Release|Any CPU
		{6DC1B510-F7FA-44B0-995F-E2D9F724B91F}.Release|Any CPU.Deploy.0 = Release|Any CPU
		{6DC1B510-F7FA-44B0-995F-E2D9F724B91F}.Release|iPhone.ActiveCfg = Release|Any CPU
		{6DC1B510-F7FA-44B0-995F-E2D9F724B91F}.Release|iPhone.Build.0 = Release|Any CPU
		{6DC1B510-F7FA-44B0-995F-E2D9F724B91F}.Release|iPhone.Deploy.0 = Release|Any CPU
		{6DC1B510-F7FA-44B0-995F-E2D9F724B91F}.Release|iPhoneSimulator.ActiveCfg = Release|Any CPU
		{6DC1B510-F7FA-44B0-995F-E2D9F724B91F}.Release|iPhoneSimulator.Build.0 = Release|Any CPU
		{6DC1B510-F7FA-44B0-995F-E2D9F724B91F}.Release|iPhoneSimulator.Deploy.0 = Release|Any CPU
		{0994CE95-B592-440B-B89D-812996BC5F2E}.Debug|Any CPU.ActiveCfg = Debug|iPhone
		{0994CE95-B592-440B-B89D-812996BC5F2E}.Debug|Any CPU.Build.0 = Debug|iPhone
		{0994CE95-B592-440B-B89D-812996BC5F2E}.Debug|Any CPU.Deploy.0 = Debug|iPhone
		{0994CE95-B592-440B-B89D-812996BC5F2E}.Debug|iPhone.ActiveCfg = Debug|iPhone
		{0994CE95-B592-440B-B89D-812996BC5F2E}.Debug|iPhone.Build.0 = Debug|iPhone
		{0994CE95-B592-440B-B89D-812996BC5F2E}.Debug|iPhone.Deploy.0 = Debug|iPhone
		{0994CE95-B592-440B-B89D-812996BC5F2E}.Debug|iPhoneSimulator.ActiveCfg = Debug|iPhoneSimulator
		{0994CE95-B592-440B-B89D-812996BC5F2E}.Debug|iPhoneSimulator.Build.0 = Debug|iPhoneSimulator
		{0994CE95-B592-440B-B89D-812996BC5F2E}.Debug|iPhoneSimulator.Deploy.0 = Debug|iPhoneSimulator
		{0994CE95-B592-440B-B89D-812996BC5F2E}.Release|Any CPU.ActiveCfg = Release|iPhoneSimulator
		{0994CE95-B592-440B-B89D-812996BC5F2E}.Release|Any CPU.Build.0 = Release|iPhoneSimulator
		{0994CE95-B592-440B-B89D-812996BC5F2E}.Release|Any CPU.Deploy.0 = Release|iPhoneSimulator
		{0994CE95-B592-440B-B89D-812996BC5F2E}.Release|iPhone.ActiveCfg = Release|iPhone
		{0994CE95-B592-440B-B89D-812996BC5F2E}.Release|iPhone.Build.0 = Release|iPhone
		{0994CE95-B592-440B-B89D-812996BC5F2E}.Release|iPhone.Deploy.0 = Release|iPhone
		{0994CE95-B592-440B-B89D-812996BC5F2E}.Release|iPhoneSimulator.ActiveCfg = Release|iPhoneSimulator
		{0994CE95-B592-440B-B89D-812996BC5F2E}.Release|iPhoneSimulator.Build.0 = Release|iPhoneSimulator
		{0994CE95-B592-440B-B89D-812996BC5F2E}.Release|iPhoneSimulator.Deploy.0 = Release|iPhoneSimulator
		{E6BE8C27-23DE-47D8-89B6-3CA699CCDC9A}.Debug|Any CPU.ActiveCfg = Debug|Any CPU
		{E6BE8C27-23DE-47D8-89B6-3CA699CCDC9A}.Debug|Any CPU.Build.0 = Debug|Any CPU
		{E6BE8C27-23DE-47D8-89B6-3CA699CCDC9A}.Debug|Any CPU.Deploy.0 = Debug|Any CPU
		{E6BE8C27-23DE-47D8-89B6-3CA699CCDC9A}.Debug|iPhone.ActiveCfg = Debug|Any CPU
		{E6BE8C27-23DE-47D8-89B6-3CA699CCDC9A}.Debug|iPhone.Build.0 = Debug|Any CPU
		{E6BE8C27-23DE-47D8-89B6-3CA699CCDC9A}.Debug|iPhone.Deploy.0 = Debug|Any CPU
		{E6BE8C27-23DE-47D8-89B6-3CA699CCDC9A}.Debug|iPhoneSimulator.ActiveCfg = Debug|Any CPU
		{E6BE8C27-23DE-47D8-89B6-3CA699CCDC9A}.Debug|iPhoneSimulator.Build.0 = Debug|Any CPU
		{E6BE8C27-23DE-47D8-89B6-3CA699CCDC9A}.Debug|iPhoneSimulator.Deploy.0 = Debug|Any CPU
		{E6BE8C27-23DE-47D8-89B6-3CA699CCDC9A}.Release|Any CPU.ActiveCfg = Release|Any CPU
		{E6BE8C27-23DE-47D8-89B6-3CA699CCDC9A}.Release|Any CPU.Build.0 = Release|Any CPU
		{E6BE8C27-23DE-47D8-89B6-3CA699CCDC9A}.Release|Any CPU.Deploy.0 = Release|Any CPU
		{E6BE8C27-23DE-47D8-89B6-3CA699CCDC9A}.Release|iPhone.ActiveCfg = Release|Any CPU
		{E6BE8C27-23DE-47D8-89B6-3CA699CCDC9A}.Release|iPhone.Build.0 = Release|Any CPU
		{E6BE8C27-23DE-47D8-89B6-3CA699CCDC9A}.Release|iPhone.Deploy.0 = Release|Any CPU
		{E6BE8C27-23DE-47D8-89B6-3CA699CCDC9A}.Release|iPhoneSimulator.ActiveCfg = Release|Any CPU
		{E6BE8C27-23DE-47D8-89B6-3CA699CCDC9A}.Release|iPhoneSimulator.Build.0 = Release|Any CPU
		{E6BE8C27-23DE-47D8-89B6-3CA699CCDC9A}.Release|iPhoneSimulator.Deploy.0 = Release|Any CPU
	EndGlobalSection
	GlobalSection(SolutionProperties) = preSolution
		HideSolutionNode = FALSE
	EndGlobalSection
	GlobalSection(ExtensibilityGlobals) = postSolution
		SolutionGuid = {3F9394DD-619F-4F22-A3E9-B043F2E64A3A}
	EndGlobalSection
EndGlobal
